
Microsoft Visual Studio Solution File, Format Version 12.00
# Visual Studio Version 17
VisualStudioVersion = 17.14.36603.0 d17.14
MinimumVisualStudioVersion = 10.0.40219.1
Project("{FAE04EC0-301F-11D3-BF4B-00C04F79EFBC}") = "CarreraCanicas", "CarreraCanicas\CarreraCanicas.csproj", "{FCE11F57-4B9F-4A6B-B14E-2CD6AB9B08AB}"
EndProject
Project("{FAE04EC0-301F-11D3-BF4B-00C04F79EFBC}") = "PadreHilosCanicas", "PadreHilosCanicas\PadreHilosCanicas.csproj", "{5F31BC92-A249-4ED3-B162-DE7CF1D46041}"
EndProject
Global
	GlobalSection(SolutionConfigurationPlatforms) = preSolution
		Debug|Any CPU = Debug|Any CPU
		Release|Any CPU = Release|Any CPU
	EndGlobalSection
	GlobalSection(ProjectConfigurationPlatforms) = postSolution
		{FCE11F57-4B9F-4A6B-B14E-2CD6AB9B08AB}.Debug|Any CPU.ActiveCfg = Debug|Any CPU
		{FCE11F57-4B9F-4A6B-B14E-2CD6AB9B08AB}.Debug|Any CPU.Build.0 = Debug|Any CPU
		{FCE11F57-4B9F-4A6B-B14E-2CD6AB9B08AB}.Release|Any CPU.ActiveCfg = Release|Any CPU
		{FCE11F57-4B9F-4A6B-B14E-2CD6AB9B08AB}.Release|Any CPU.Build.0 = Release|Any CPU
		{5F31BC92-A249-4ED3-B162-DE7CF1D46041}.Debug|Any CPU.ActiveCfg = Debug|Any CPU
		{5F31BC92-A249-4ED3-B162-DE7CF1D46041}.Debug|Any CPU.Build.0 = Debug|Any CPU
		{5F31BC92-A249-4ED3-B162-DE7CF1D46041}.Release|Any CPU.ActiveCfg = Release|Any CPU
		{5F31BC92-A249-4ED3-B162-DE7CF1D46041}.Release|Any CPU.Build.0 = Release|Any CPU
	EndGlobalSection
	GlobalSection(SolutionProperties) = preSolution
		HideSolutionNode = FALSE
	EndGlobalSection
	GlobalSection(ExtensibilityGlobals) = postSolution
		SolutionGuid = {D81162A2-E67D-401B-BAED-05FE541DDE80}
	EndGlobalSection
EndGlobal
